// !$*UTF8*$!
{
	archiveVersion = 1;
	classes = {
	};
	objectVersion = 56;
	objects = {

/* Begin PBXBuildFile section */
		5964658488A10DDA1A79D971 /* Pods_NetwokingMVP.framework in Frameworks */ = {isa = PBXBuildFile; fileRef = C449D5076DCEDF55915663B6 /* Pods_NetwokingMVP.framework */; };
		7B8127C784811CE6FE2797E1 /* Pods_NetwokingMVPTests.framework in Frameworks */ = {isa = PBXBuildFile; fileRef = A06F8B1AA1CBA2D12ED25BAE /* Pods_NetwokingMVPTests.framework */; };
		D9B86E24682CCF2749DFDE70 /* Pods_NetwokingMVP_NetwokingMVPUITests.framework in Frameworks */ = {isa = PBXBuildFile; fileRef = B48DBEAD3107894B88557B79 /* Pods_NetwokingMVP_NetwokingMVPUITests.framework */; };
		FF5774292A13BB72008582F3 /* UIColor + ext.swift in Sources */ = {isa = PBXBuildFile; fileRef = FF5774282A13BB72008582F3 /* UIColor + ext.swift */; };
		FF57742B2A13D925008582F3 /* UILabel + ext.swift in Sources */ = {isa = PBXBuildFile; fileRef = FF57742A2A13D925008582F3 /* UILabel + ext.swift */; };
		FF680B9E29C09CCE001B1F8D /* AppDelegate.swift in Sources */ = {isa = PBXBuildFile; fileRef = FF680B9D29C09CCE001B1F8D /* AppDelegate.swift */; };
		FF680BA029C09CCE001B1F8D /* SceneDelegate.swift in Sources */ = {isa = PBXBuildFile; fileRef = FF680B9F29C09CCE001B1F8D /* SceneDelegate.swift */; };
		FF680BA229C09CCE001B1F8D /* MainViewController.swift in Sources */ = {isa = PBXBuildFile; fileRef = FF680BA129C09CCE001B1F8D /* MainViewController.swift */; };
		FF680BA729C09CCF001B1F8D /* Assets.xcassets in Resources */ = {isa = PBXBuildFile; fileRef = FF680BA629C09CCF001B1F8D /* Assets.xcassets */; };
		FF680BAA29C09CCF001B1F8D /* LaunchScreen.storyboard in Resources */ = {isa = PBXBuildFile; fileRef = FF680BA829C09CCF001B1F8D /* LaunchScreen.storyboard */; };
		FF680BB529C09CCF001B1F8D /* NetwokingMVPTests.swift in Sources */ = {isa = PBXBuildFile; fileRef = FF680BB429C09CCF001B1F8D /* NetwokingMVPTests.swift */; };
		FF680BBF29C09CCF001B1F8D /* NetwokingMVPUITests.swift in Sources */ = {isa = PBXBuildFile; fileRef = FF680BBE29C09CCF001B1F8D /* NetwokingMVPUITests.swift */; };
		FF680BC129C09CCF001B1F8D /* NetwokingMVPUITestsLaunchTests.swift in Sources */ = {isa = PBXBuildFile; fileRef = FF680BC029C09CCF001B1F8D /* NetwokingMVPUITestsLaunchTests.swift */; };
		FF680BCE29C09D0E001B1F8D /* MainPresenter.swift in Sources */ = {isa = PBXBuildFile; fileRef = FF680BCD29C09D0E001B1F8D /* MainPresenter.swift */; };
		FF680BD029C09D71001B1F8D /* PostModel.swift in Sources */ = {isa = PBXBuildFile; fileRef = FF680BCF29C09D71001B1F8D /* PostModel.swift */; };
		FF680BD629C0A53D001B1F8D /* PostsFlowModulesBuilder.swift in Sources */ = {isa = PBXBuildFile; fileRef = FF680BD529C0A53D001B1F8D /* PostsFlowModulesBuilder.swift */; };
		FF680BD829C0B62D001B1F8D /* PostTableViewCell.swift in Sources */ = {isa = PBXBuildFile; fileRef = FF680BD729C0B62D001B1F8D /* PostTableViewCell.swift */; };
		FF680BDA29C0C64C001B1F8D /* NetworkService.swift in Sources */ = {isa = PBXBuildFile; fileRef = FF680BD929C0C64C001B1F8D /* NetworkService.swift */; };
		FFA9880D29CF52AD0045F449 /* UITextField+Toggle.swift in Sources */ = {isa = PBXBuildFile; fileRef = FFA9880C29CF52AD0045F449 /* UITextField+Toggle.swift */; };
		FFA9881B29CF810B0045F449 /* BaseViewController.swift in Sources */ = {isa = PBXBuildFile; fileRef = FFA9881A29CF810B0045F449 /* BaseViewController.swift */; };
		FFA9881D29CF88B80045F449 /* UIStackView+setup.swift in Sources */ = {isa = PBXBuildFile; fileRef = FFA9881C29CF88B80045F449 /* UIStackView+setup.swift */; };
		FFA9882229D07B2D0045F449 /* AdditionalInfoPresenter.swift in Sources */ = {isa = PBXBuildFile; fileRef = FFA9882129D07B2D0045F449 /* AdditionalInfoPresenter.swift */; };
		FFA9882429D07B3E0045F449 /* AdditionalInfoViewController.swift in Sources */ = {isa = PBXBuildFile; fileRef = FFA9882329D07B3E0045F449 /* AdditionalInfoViewController.swift */; };
		FFD38D7F29F0390400AF8F91 /* AccountViewController.swift in Sources */ = {isa = PBXBuildFile; fileRef = FFD38D7E29F0390400AF8F91 /* AccountViewController.swift */; };
		FFD38D8129F0391400AF8F91 /* AccountPresenter.swift in Sources */ = {isa = PBXBuildFile; fileRef = FFD38D8029F0391400AF8F91 /* AccountPresenter.swift */; };
		FFF0DC7B29C4EF7300658190 /* DetailPostViewController.swift in Sources */ = {isa = PBXBuildFile; fileRef = FFF0DC7A29C4EF7300658190 /* DetailPostViewController.swift */; };
		FFF0DC7D29C4EF9200658190 /* DetailPostPresenter.swift in Sources */ = {isa = PBXBuildFile; fileRef = FFF0DC7C29C4EF9200658190 /* DetailPostPresenter.swift */; };
		FFF0DC8229C4F01E00658190 /* CommentModel.swift in Sources */ = {isa = PBXBuildFile; fileRef = FFF0DC8129C4F01E00658190 /* CommentModel.swift */; };
		FFF0DC8429C4F6F300658190 /* CommentsTableViewCell.swift in Sources */ = {isa = PBXBuildFile; fileRef = FFF0DC8329C4F6F300658190 /* CommentsTableViewCell.swift */; };
		FFF0DC8629C645E800658190 /* DetailPostTableViewCell.swift in Sources */ = {isa = PBXBuildFile; fileRef = FFF0DC8529C645E800658190 /* DetailPostTableViewCell.swift */; };
		FFF0DC8829C646FD00658190 /* Resources.swift in Sources */ = {isa = PBXBuildFile; fileRef = FFF0DC8729C646FD00658190 /* Resources.swift */; };
		FFF0DC8A29C70D2E00658190 /* PostsFeedFlowCoordinator.swift in Sources */ = {isa = PBXBuildFile; fileRef = FFF0DC8929C70D2E00658190 /* PostsFeedFlowCoordinator.swift */; };
		FFF0DC9629C792E000658190 /* AppCoordinator.swift in Sources */ = {isa = PBXBuildFile; fileRef = FFF0DC9529C792E000658190 /* AppCoordinator.swift */; };
		FFF0DC9929C7964100658190 /* LoginFlowCoordinator.swift in Sources */ = {isa = PBXBuildFile; fileRef = FFF0DC9829C7964100658190 /* LoginFlowCoordinator.swift */; };
		FFF0DC9E29C7968E00658190 /* UserModel.swift in Sources */ = {isa = PBXBuildFile; fileRef = FFF0DC9D29C7968E00658190 /* UserModel.swift */; };
		FFF0DCA029C796AF00658190 /* WelcomePresenter.swift in Sources */ = {isa = PBXBuildFile; fileRef = FFF0DC9F29C796AF00658190 /* WelcomePresenter.swift */; };
		FFF0DCA229C796D200658190 /* WelcomeViewController.swift in Sources */ = {isa = PBXBuildFile; fileRef = FFF0DCA129C796D200658190 /* WelcomeViewController.swift */; };
		FFF0DCA429C7972000658190 /* LoginFlowBuilder.swift in Sources */ = {isa = PBXBuildFile; fileRef = FFF0DCA329C7972000658190 /* LoginFlowBuilder.swift */; };
		FFF0DCAC29CA03CB00658190 /* RegistrationViewController.swift in Sources */ = {isa = PBXBuildFile; fileRef = FFF0DCAB29CA03CB00658190 /* RegistrationViewController.swift */; };
		FFF0DCAF29CA03F100658190 /* RegistrationPresenter.swift in Sources */ = {isa = PBXBuildFile; fileRef = FFF0DCAE29CA03F100658190 /* RegistrationPresenter.swift */; };
		FFF43ADA29F057B300342DF1 /* AccountTopInfoView.swift in Sources */ = {isa = PBXBuildFile; fileRef = FFF43AD929F057B300342DF1 /* AccountTopInfoView.swift */; };
		FFF43ADF29F079A700342DF1 /* AccountFlowBuilder.swift in Sources */ = {isa = PBXBuildFile; fileRef = FFF43ADE29F079A700342DF1 /* AccountFlowBuilder.swift */; };
		FFF43AE129F079F800342DF1 /* AccountFlowCoordinator.swift in Sources */ = {isa = PBXBuildFile; fileRef = FFF43AE029F079F800342DF1 /* AccountFlowCoordinator.swift */; };
		FFF43AE329F07CAE00342DF1 /* TabBarBuilder.swift in Sources */ = {isa = PBXBuildFile; fileRef = FFF43AE229F07CAE00342DF1 /* TabBarBuilder.swift */; };
		FFF43AE629F07D9100342DF1 /* MainTabBarController.swift in Sources */ = {isa = PBXBuildFile; fileRef = FFF43AE529F07D9100342DF1 /* MainTabBarController.swift */; };
/* End PBXBuildFile section */

/* Begin PBXContainerItemProxy section */
		FF680BB129C09CCF001B1F8D /* PBXContainerItemProxy */ = {
			isa = PBXContainerItemProxy;
			containerPortal = FF680B9229C09CCE001B1F8D /* Project object */;
			proxyType = 1;
			remoteGlobalIDString = FF680B9929C09CCE001B1F8D;
			remoteInfo = NetwokingMVP;
		};
		FF680BBB29C09CCF001B1F8D /* PBXContainerItemProxy */ = {
			isa = PBXContainerItemProxy;
			containerPortal = FF680B9229C09CCE001B1F8D /* Project object */;
			proxyType = 1;
			remoteGlobalIDString = FF680B9929C09CCE001B1F8D;
			remoteInfo = NetwokingMVP;
		};
/* End PBXContainerItemProxy section */

/* Begin PBXFileReference section */
		2E901179F224F38E12402CF0 /* Pods-NetwokingMVPTests.debug.xcconfig */ = {isa = PBXFileReference; includeInIndex = 1; lastKnownFileType = text.xcconfig; name = "Pods-NetwokingMVPTests.debug.xcconfig"; path = "Target Support Files/Pods-NetwokingMVPTests/Pods-NetwokingMVPTests.debug.xcconfig"; sourceTree = "<group>"; };
		6B80A676943646B947009C64 /* Pods-NetwokingMVP.release.xcconfig */ = {isa = PBXFileReference; includeInIndex = 1; lastKnownFileType = text.xcconfig; name = "Pods-NetwokingMVP.release.xcconfig"; path = "Target Support Files/Pods-NetwokingMVP/Pods-NetwokingMVP.release.xcconfig"; sourceTree = "<group>"; };
		71B0B38CDB3D2AFB9F1A6A7C /* Pods-NetwokingMVP.debug.xcconfig */ = {isa = PBXFileReference; includeInIndex = 1; lastKnownFileType = text.xcconfig; name = "Pods-NetwokingMVP.debug.xcconfig"; path = "Target Support Files/Pods-NetwokingMVP/Pods-NetwokingMVP.debug.xcconfig"; sourceTree = "<group>"; };
		A06F8B1AA1CBA2D12ED25BAE /* Pods_NetwokingMVPTests.framework */ = {isa = PBXFileReference; explicitFileType = wrapper.framework; includeInIndex = 0; path = Pods_NetwokingMVPTests.framework; sourceTree = BUILT_PRODUCTS_DIR; };
		B48DBEAD3107894B88557B79 /* Pods_NetwokingMVP_NetwokingMVPUITests.framework */ = {isa = PBXFileReference; explicitFileType = wrapper.framework; includeInIndex = 0; path = Pods_NetwokingMVP_NetwokingMVPUITests.framework; sourceTree = BUILT_PRODUCTS_DIR; };
		C08ED1F91774A83855BE2B6A /* Pods-NetwokingMVP-NetwokingMVPUITests.debug.xcconfig */ = {isa = PBXFileReference; includeInIndex = 1; lastKnownFileType = text.xcconfig; name = "Pods-NetwokingMVP-NetwokingMVPUITests.debug.xcconfig"; path = "Target Support Files/Pods-NetwokingMVP-NetwokingMVPUITests/Pods-NetwokingMVP-NetwokingMVPUITests.debug.xcconfig"; sourceTree = "<group>"; };
		C15B75578DE741DCF0303645 /* Pods-NetwokingMVP-NetwokingMVPUITests.release.xcconfig */ = {isa = PBXFileReference; includeInIndex = 1; lastKnownFileType = text.xcconfig; name = "Pods-NetwokingMVP-NetwokingMVPUITests.release.xcconfig"; path = "Target Support Files/Pods-NetwokingMVP-NetwokingMVPUITests/Pods-NetwokingMVP-NetwokingMVPUITests.release.xcconfig"; sourceTree = "<group>"; };
		C449D5076DCEDF55915663B6 /* Pods_NetwokingMVP.framework */ = {isa = PBXFileReference; explicitFileType = wrapper.framework; includeInIndex = 0; path = Pods_NetwokingMVP.framework; sourceTree = BUILT_PRODUCTS_DIR; };
		F8567E6BDC679B32959281ED /* Pods-NetwokingMVPTests.release.xcconfig */ = {isa = PBXFileReference; includeInIndex = 1; lastKnownFileType = text.xcconfig; name = "Pods-NetwokingMVPTests.release.xcconfig"; path = "Target Support Files/Pods-NetwokingMVPTests/Pods-NetwokingMVPTests.release.xcconfig"; sourceTree = "<group>"; };
		FF5774282A13BB72008582F3 /* UIColor + ext.swift */ = {isa = PBXFileReference; lastKnownFileType = sourcecode.swift; path = "UIColor + ext.swift"; sourceTree = "<group>"; };
		FF57742A2A13D925008582F3 /* UILabel + ext.swift */ = {isa = PBXFileReference; lastKnownFileType = sourcecode.swift; path = "UILabel + ext.swift"; sourceTree = "<group>"; };
		FF680B9A29C09CCE001B1F8D /* NetwokingMVP.app */ = {isa = PBXFileReference; explicitFileType = wrapper.application; includeInIndex = 0; path = NetwokingMVP.app; sourceTree = BUILT_PRODUCTS_DIR; };
		FF680B9D29C09CCE001B1F8D /* AppDelegate.swift */ = {isa = PBXFileReference; lastKnownFileType = sourcecode.swift; path = AppDelegate.swift; sourceTree = "<group>"; };
		FF680B9F29C09CCE001B1F8D /* SceneDelegate.swift */ = {isa = PBXFileReference; lastKnownFileType = sourcecode.swift; path = SceneDelegate.swift; sourceTree = "<group>"; };
		FF680BA129C09CCE001B1F8D /* MainViewController.swift */ = {isa = PBXFileReference; lastKnownFileType = sourcecode.swift; path = MainViewController.swift; sourceTree = "<group>"; };
		FF680BA629C09CCF001B1F8D /* Assets.xcassets */ = {isa = PBXFileReference; lastKnownFileType = folder.assetcatalog; path = Assets.xcassets; sourceTree = "<group>"; };
		FF680BA929C09CCF001B1F8D /* Base */ = {isa = PBXFileReference; lastKnownFileType = file.storyboard; name = Base; path = Base.lproj/LaunchScreen.storyboard; sourceTree = "<group>"; };
		FF680BAB29C09CCF001B1F8D /* Info.plist */ = {isa = PBXFileReference; lastKnownFileType = text.plist.xml; path = Info.plist; sourceTree = "<group>"; };
		FF680BB029C09CCF001B1F8D /* NetwokingMVPTests.xctest */ = {isa = PBXFileReference; explicitFileType = wrapper.cfbundle; includeInIndex = 0; path = NetwokingMVPTests.xctest; sourceTree = BUILT_PRODUCTS_DIR; };
		FF680BB429C09CCF001B1F8D /* NetwokingMVPTests.swift */ = {isa = PBXFileReference; lastKnownFileType = sourcecode.swift; path = NetwokingMVPTests.swift; sourceTree = "<group>"; };
		FF680BBA29C09CCF001B1F8D /* NetwokingMVPUITests.xctest */ = {isa = PBXFileReference; explicitFileType = wrapper.cfbundle; includeInIndex = 0; path = NetwokingMVPUITests.xctest; sourceTree = BUILT_PRODUCTS_DIR; };
		FF680BBE29C09CCF001B1F8D /* NetwokingMVPUITests.swift */ = {isa = PBXFileReference; lastKnownFileType = sourcecode.swift; path = NetwokingMVPUITests.swift; sourceTree = "<group>"; };
		FF680BC029C09CCF001B1F8D /* NetwokingMVPUITestsLaunchTests.swift */ = {isa = PBXFileReference; lastKnownFileType = sourcecode.swift; path = NetwokingMVPUITestsLaunchTests.swift; sourceTree = "<group>"; };
		FF680BCD29C09D0E001B1F8D /* MainPresenter.swift */ = {isa = PBXFileReference; lastKnownFileType = sourcecode.swift; path = MainPresenter.swift; sourceTree = "<group>"; };
		FF680BCF29C09D71001B1F8D /* PostModel.swift */ = {isa = PBXFileReference; lastKnownFileType = sourcecode.swift; path = PostModel.swift; sourceTree = "<group>"; };
		FF680BD529C0A53D001B1F8D /* PostsFlowModulesBuilder.swift */ = {isa = PBXFileReference; lastKnownFileType = sourcecode.swift; path = PostsFlowModulesBuilder.swift; sourceTree = "<group>"; };
		FF680BD729C0B62D001B1F8D /* PostTableViewCell.swift */ = {isa = PBXFileReference; lastKnownFileType = sourcecode.swift; path = PostTableViewCell.swift; sourceTree = "<group>"; };
		FF680BD929C0C64C001B1F8D /* NetworkService.swift */ = {isa = PBXFileReference; lastKnownFileType = sourcecode.swift; path = NetworkService.swift; sourceTree = "<group>"; };
		FFA9880C29CF52AD0045F449 /* UITextField+Toggle.swift */ = {isa = PBXFileReference; lastKnownFileType = sourcecode.swift; path = "UITextField+Toggle.swift"; sourceTree = "<group>"; };
		FFA9881A29CF810B0045F449 /* BaseViewController.swift */ = {isa = PBXFileReference; lastKnownFileType = sourcecode.swift; path = BaseViewController.swift; sourceTree = "<group>"; };
		FFA9881C29CF88B80045F449 /* UIStackView+setup.swift */ = {isa = PBXFileReference; lastKnownFileType = sourcecode.swift; path = "UIStackView+setup.swift"; sourceTree = "<group>"; };
		FFA9882129D07B2D0045F449 /* AdditionalInfoPresenter.swift */ = {isa = PBXFileReference; lastKnownFileType = sourcecode.swift; path = AdditionalInfoPresenter.swift; sourceTree = "<group>"; };
		FFA9882329D07B3E0045F449 /* AdditionalInfoViewController.swift */ = {isa = PBXFileReference; lastKnownFileType = sourcecode.swift; path = AdditionalInfoViewController.swift; sourceTree = "<group>"; };
		FFD38D7E29F0390400AF8F91 /* AccountViewController.swift */ = {isa = PBXFileReference; lastKnownFileType = sourcecode.swift; path = AccountViewController.swift; sourceTree = "<group>"; };
		FFD38D8029F0391400AF8F91 /* AccountPresenter.swift */ = {isa = PBXFileReference; lastKnownFileType = sourcecode.swift; path = AccountPresenter.swift; sourceTree = "<group>"; };
		FFF0DC7A29C4EF7300658190 /* DetailPostViewController.swift */ = {isa = PBXFileReference; lastKnownFileType = sourcecode.swift; path = DetailPostViewController.swift; sourceTree = "<group>"; };
		FFF0DC7C29C4EF9200658190 /* DetailPostPresenter.swift */ = {isa = PBXFileReference; lastKnownFileType = sourcecode.swift; path = DetailPostPresenter.swift; sourceTree = "<group>"; };
		FFF0DC8129C4F01E00658190 /* CommentModel.swift */ = {isa = PBXFileReference; lastKnownFileType = sourcecode.swift; path = CommentModel.swift; sourceTree = "<group>"; };
		FFF0DC8329C4F6F300658190 /* CommentsTableViewCell.swift */ = {isa = PBXFileReference; lastKnownFileType = sourcecode.swift; path = CommentsTableViewCell.swift; sourceTree = "<group>"; };
		FFF0DC8529C645E800658190 /* DetailPostTableViewCell.swift */ = {isa = PBXFileReference; lastKnownFileType = sourcecode.swift; path = DetailPostTableViewCell.swift; sourceTree = "<group>"; };
		FFF0DC8729C646FD00658190 /* Resources.swift */ = {isa = PBXFileReference; lastKnownFileType = sourcecode.swift; path = Resources.swift; sourceTree = "<group>"; };
		FFF0DC8929C70D2E00658190 /* PostsFeedFlowCoordinator.swift */ = {isa = PBXFileReference; lastKnownFileType = sourcecode.swift; path = PostsFeedFlowCoordinator.swift; sourceTree = "<group>"; };
		FFF0DC9529C792E000658190 /* AppCoordinator.swift */ = {isa = PBXFileReference; lastKnownFileType = sourcecode.swift; path = AppCoordinator.swift; sourceTree = "<group>"; };
		FFF0DC9829C7964100658190 /* LoginFlowCoordinator.swift */ = {isa = PBXFileReference; lastKnownFileType = sourcecode.swift; path = LoginFlowCoordinator.swift; sourceTree = "<group>"; };
		FFF0DC9D29C7968E00658190 /* UserModel.swift */ = {isa = PBXFileReference; lastKnownFileType = sourcecode.swift; path = UserModel.swift; sourceTree = "<group>"; };
		FFF0DC9F29C796AF00658190 /* WelcomePresenter.swift */ = {isa = PBXFileReference; lastKnownFileType = sourcecode.swift; path = WelcomePresenter.swift; sourceTree = "<group>"; };
		FFF0DCA129C796D200658190 /* WelcomeViewController.swift */ = {isa = PBXFileReference; lastKnownFileType = sourcecode.swift; path = WelcomeViewController.swift; sourceTree = "<group>"; };
		FFF0DCA329C7972000658190 /* LoginFlowBuilder.swift */ = {isa = PBXFileReference; lastKnownFileType = sourcecode.swift; path = LoginFlowBuilder.swift; sourceTree = "<group>"; };
		FFF0DCAB29CA03CB00658190 /* RegistrationViewController.swift */ = {isa = PBXFileReference; lastKnownFileType = sourcecode.swift; path = RegistrationViewController.swift; sourceTree = "<group>"; };
		FFF0DCAE29CA03F100658190 /* RegistrationPresenter.swift */ = {isa = PBXFileReference; lastKnownFileType = sourcecode.swift; path = RegistrationPresenter.swift; sourceTree = "<group>"; };
		FFF43AD929F057B300342DF1 /* AccountTopInfoView.swift */ = {isa = PBXFileReference; lastKnownFileType = sourcecode.swift; path = AccountTopInfoView.swift; sourceTree = "<group>"; };
		FFF43ADE29F079A700342DF1 /* AccountFlowBuilder.swift */ = {isa = PBXFileReference; lastKnownFileType = sourcecode.swift; path = AccountFlowBuilder.swift; sourceTree = "<group>"; };
		FFF43AE029F079F800342DF1 /* AccountFlowCoordinator.swift */ = {isa = PBXFileReference; lastKnownFileType = sourcecode.swift; path = AccountFlowCoordinator.swift; sourceTree = "<group>"; };
		FFF43AE229F07CAE00342DF1 /* TabBarBuilder.swift */ = {isa = PBXFileReference; lastKnownFileType = sourcecode.swift; path = TabBarBuilder.swift; sourceTree = "<group>"; };
		FFF43AE529F07D9100342DF1 /* MainTabBarController.swift */ = {isa = PBXFileReference; lastKnownFileType = sourcecode.swift; path = MainTabBarController.swift; sourceTree = "<group>"; };
/* End PBXFileReference section */

/* Begin PBXFrameworksBuildPhase section */
		FF680B9729C09CCE001B1F8D /* Frameworks */ = {
			isa = PBXFrameworksBuildPhase;
			buildActionMask = 2147483647;
			files = (
				5964658488A10DDA1A79D971 /* Pods_NetwokingMVP.framework in Frameworks */,
			);
			runOnlyForDeploymentPostprocessing = 0;
		};
		FF680BAD29C09CCF001B1F8D /* Frameworks */ = {
			isa = PBXFrameworksBuildPhase;
			buildActionMask = 2147483647;
			files = (
				7B8127C784811CE6FE2797E1 /* Pods_NetwokingMVPTests.framework in Frameworks */,
			);
			runOnlyForDeploymentPostprocessing = 0;
		};
		FF680BB729C09CCF001B1F8D /* Frameworks */ = {
			isa = PBXFrameworksBuildPhase;
			buildActionMask = 2147483647;
			files = (
				D9B86E24682CCF2749DFDE70 /* Pods_NetwokingMVP_NetwokingMVPUITests.framework in Frameworks */,
			);
			runOnlyForDeploymentPostprocessing = 0;
		};
/* End PBXFrameworksBuildPhase section */

/* Begin PBXGroup section */
		158A1825AEDE07DE9578C9B0 /* Pods */ = {
			isa = PBXGroup;
			children = (
				71B0B38CDB3D2AFB9F1A6A7C /* Pods-NetwokingMVP.debug.xcconfig */,
				6B80A676943646B947009C64 /* Pods-NetwokingMVP.release.xcconfig */,
				C08ED1F91774A83855BE2B6A /* Pods-NetwokingMVP-NetwokingMVPUITests.debug.xcconfig */,
				C15B75578DE741DCF0303645 /* Pods-NetwokingMVP-NetwokingMVPUITests.release.xcconfig */,
				2E901179F224F38E12402CF0 /* Pods-NetwokingMVPTests.debug.xcconfig */,
				F8567E6BDC679B32959281ED /* Pods-NetwokingMVPTests.release.xcconfig */,
			);
			path = Pods;
			sourceTree = "<group>";
		};
		4FDA0712817DF57EDC26C731 /* Frameworks */ = {
			isa = PBXGroup;
			children = (
				C449D5076DCEDF55915663B6 /* Pods_NetwokingMVP.framework */,
				B48DBEAD3107894B88557B79 /* Pods_NetwokingMVP_NetwokingMVPUITests.framework */,
				A06F8B1AA1CBA2D12ED25BAE /* Pods_NetwokingMVPTests.framework */,
			);
			name = Frameworks;
			sourceTree = "<group>";
		};
		FF680B9129C09CCE001B1F8D = {
			isa = PBXGroup;
			children = (
				FF680B9C29C09CCE001B1F8D /* NetwokingMVP */,
				FF680BB329C09CCF001B1F8D /* NetwokingMVPTests */,
				FF680BBD29C09CCF001B1F8D /* NetwokingMVPUITests */,
				FF680B9B29C09CCE001B1F8D /* Products */,
				158A1825AEDE07DE9578C9B0 /* Pods */,
				4FDA0712817DF57EDC26C731 /* Frameworks */,
			);
			sourceTree = "<group>";
		};
		FF680B9B29C09CCE001B1F8D /* Products */ = {
			isa = PBXGroup;
			children = (
				FF680B9A29C09CCE001B1F8D /* NetwokingMVP.app */,
				FF680BB029C09CCF001B1F8D /* NetwokingMVPTests.xctest */,
				FF680BBA29C09CCF001B1F8D /* NetwokingMVPUITests.xctest */,
			);
			name = Products;
			sourceTree = "<group>";
		};
		FF680B9C29C09CCE001B1F8D /* NetwokingMVP */ = {
			isa = PBXGroup;
			children = (
				FF680B9D29C09CCE001B1F8D /* AppDelegate.swift */,
				FF680B9F29C09CCE001B1F8D /* SceneDelegate.swift */,
				FFF0DC9529C792E000658190 /* AppCoordinator.swift */,
				FFF43AE429F07D3200342DF1 /* TabBar */,
				FF680BDB29C0C676001B1F8D /* ServiceLayer */,
				FFD38D8229F03A7D00AF8F91 /* AccountFlow */,
				FFF0DC9729C795E000658190 /* LoginFlow */,
				FFF0DC8B29C724F600658190 /* PostsFlow */,
				FFF0DC9329C78B8100658190 /* Helpers */,
				FFA9881429CF71BF0045F449 /* SupportingFiles */,
			);
			path = NetwokingMVP;
			sourceTree = "<group>";
		};
		FF680BB329C09CCF001B1F8D /* NetwokingMVPTests */ = {
			isa = PBXGroup;
			children = (
				FF680BB429C09CCF001B1F8D /* NetwokingMVPTests.swift */,
			);
			path = NetwokingMVPTests;
			sourceTree = "<group>";
		};
		FF680BBD29C09CCF001B1F8D /* NetwokingMVPUITests */ = {
			isa = PBXGroup;
			children = (
				FF680BBE29C09CCF001B1F8D /* NetwokingMVPUITests.swift */,
				FF680BC029C09CCF001B1F8D /* NetwokingMVPUITestsLaunchTests.swift */,
			);
			path = NetwokingMVPUITests;
			sourceTree = "<group>";
		};
		FF680BD129C0A3EE001B1F8D /* MainModule */ = {
			isa = PBXGroup;
			children = (
				FFF0DC9029C78B2400658190 /* Model */,
				FF680BD229C0A3FA001B1F8D /* View */,
				FFF0DC9129C78B2F00658190 /* Presenter */,
			);
			path = MainModule;
			sourceTree = "<group>";
		};
		FF680BD229C0A3FA001B1F8D /* View */ = {
			isa = PBXGroup;
			children = (
				FFA9881629CF7E4C0045F449 /* TableViewCell */,
				FF680BA129C09CCE001B1F8D /* MainViewController.swift */,
			);
			path = View;
			sourceTree = "<group>";
		};
		FF680BDB29C0C676001B1F8D /* ServiceLayer */ = {
			isa = PBXGroup;
			children = (
				FF680BD929C0C64C001B1F8D /* NetworkService.swift */,
			);
			path = ServiceLayer;
			sourceTree = "<group>";
		};
		FFA9880E29CF53030045F449 /* Extensions */ = {
			isa = PBXGroup;
			children = (
				FFA9880C29CF52AD0045F449 /* UITextField+Toggle.swift */,
				FFA9881C29CF88B80045F449 /* UIStackView+setup.swift */,
				FF5774282A13BB72008582F3 /* UIColor + ext.swift */,
				FF57742A2A13D925008582F3 /* UILabel + ext.swift */,
			);
			path = Extensions;
			sourceTree = "<group>";
		};
		FFA9881429CF71BF0045F449 /* SupportingFiles */ = {
			isa = PBXGroup;
			children = (
				FF680BAB29C09CCF001B1F8D /* Info.plist */,
				FF680BA829C09CCF001B1F8D /* LaunchScreen.storyboard */,
				FF680BA629C09CCF001B1F8D /* Assets.xcassets */,
			);
			path = SupportingFiles;
			sourceTree = "<group>";
		};
		FFA9881529CF71F60045F449 /* TableViewCell */ = {
			isa = PBXGroup;
			children = (
				FFF0DC8529C645E800658190 /* DetailPostTableViewCell.swift */,
				FFF0DC8329C4F6F300658190 /* CommentsTableViewCell.swift */,
			);
			path = TableViewCell;
			sourceTree = "<group>";
		};
		FFA9881629CF7E4C0045F449 /* TableViewCell */ = {
			isa = PBXGroup;
			children = (
				FF680BD729C0B62D001B1F8D /* PostTableViewCell.swift */,
			);
			path = TableViewCell;
			sourceTree = "<group>";
		};
		FFA9881729CF80840045F449 /* BaseViews */ = {
			isa = PBXGroup;
			children = (
				FFA9881A29CF810B0045F449 /* BaseViewController.swift */,
			);
			path = BaseViews;
			sourceTree = "<group>";
		};
		FFA9881E29D07AB50045F449 /* AdditionalInfoModule */ = {
			isa = PBXGroup;
			children = (
				FFA9882029D07B100045F449 /* Presenter */,
				FFA9881F29D07AF90045F449 /* View */,
			);
			path = AdditionalInfoModule;
			sourceTree = "<group>";
		};
		FFA9881F29D07AF90045F449 /* View */ = {
			isa = PBXGroup;
			children = (
				FFA9882329D07B3E0045F449 /* AdditionalInfoViewController.swift */,
			);
			path = View;
			sourceTree = "<group>";
		};
		FFA9882029D07B100045F449 /* Presenter */ = {
			isa = PBXGroup;
			children = (
				FFA9882129D07B2D0045F449 /* AdditionalInfoPresenter.swift */,
			);
			path = Presenter;
			sourceTree = "<group>";
		};
		FFD38D7B29F0389600AF8F91 /* AccountModule */ = {
			isa = PBXGroup;
			children = (
				FFD38D7D29F038C500AF8F91 /* View */,
				FFD38D7C29F038B500AF8F91 /* Presenter */,
			);
			path = AccountModule;
			sourceTree = "<group>";
		};
		FFD38D7C29F038B500AF8F91 /* Presenter */ = {
			isa = PBXGroup;
			children = (
				FFD38D8029F0391400AF8F91 /* AccountPresenter.swift */,
			);
			path = Presenter;
			sourceTree = "<group>";
		};
		FFD38D7D29F038C500AF8F91 /* View */ = {
			isa = PBXGroup;
			children = (
				FFD38D7E29F0390400AF8F91 /* AccountViewController.swift */,
				FFF43AD929F057B300342DF1 /* AccountTopInfoView.swift */,
			);
			path = View;
			sourceTree = "<group>";
		};
		FFD38D8229F03A7D00AF8F91 /* AccountFlow */ = {
			isa = PBXGroup;
			children = (
				FFF43ADD29F0798100342DF1 /* Coordinator */,
				FFF43ADC29F0797300342DF1 /* Builder */,
				FFD38D7B29F0389600AF8F91 /* AccountModule */,
			);
			path = AccountFlow;
			sourceTree = "<group>";
		};
		FFF0DC7929C4EF4000658190 /* DetailPostModule */ = {
			isa = PBXGroup;
			children = (
				FFF0DC8F29C78B1900658190 /* Model */,
				FFF0DC7E29C4EF9C00658190 /* View */,
				FFF0DC8E29C78B0700658190 /* Presenter */,
			);
			path = DetailPostModule;
			sourceTree = "<group>";
		};
		FFF0DC7E29C4EF9C00658190 /* View */ = {
			isa = PBXGroup;
			children = (
				FFA9881529CF71F60045F449 /* TableViewCell */,
				FFF0DC7A29C4EF7300658190 /* DetailPostViewController.swift */,
			);
			path = View;
			sourceTree = "<group>";
		};
		FFF0DC8B29C724F600658190 /* PostsFlow */ = {
			isa = PBXGroup;
			children = (
				FFF0DC9429C78BC200658190 /* Builder */,
				FFF0DC9229C78B6C00658190 /* Coordinator */,
				FF680BD129C0A3EE001B1F8D /* MainModule */,
				FFF0DC7929C4EF4000658190 /* DetailPostModule */,
			);
			path = PostsFlow;
			sourceTree = "<group>";
		};
		FFF0DC8E29C78B0700658190 /* Presenter */ = {
			isa = PBXGroup;
			children = (
				FFF0DC7C29C4EF9200658190 /* DetailPostPresenter.swift */,
			);
			path = Presenter;
			sourceTree = "<group>";
		};
		FFF0DC8F29C78B1900658190 /* Model */ = {
			isa = PBXGroup;
			children = (
				FFF0DC8129C4F01E00658190 /* CommentModel.swift */,
			);
			path = Model;
			sourceTree = "<group>";
		};
		FFF0DC9029C78B2400658190 /* Model */ = {
			isa = PBXGroup;
			children = (
				FF680BCF29C09D71001B1F8D /* PostModel.swift */,
			);
			path = Model;
			sourceTree = "<group>";
		};
		FFF0DC9129C78B2F00658190 /* Presenter */ = {
			isa = PBXGroup;
			children = (
				FF680BCD29C09D0E001B1F8D /* MainPresenter.swift */,
			);
			path = Presenter;
			sourceTree = "<group>";
		};
		FFF0DC9229C78B6C00658190 /* Coordinator */ = {
			isa = PBXGroup;
			children = (
				FFF0DC8929C70D2E00658190 /* PostsFeedFlowCoordinator.swift */,
			);
			path = Coordinator;
			sourceTree = "<group>";
		};
		FFF0DC9329C78B8100658190 /* Helpers */ = {
			isa = PBXGroup;
			children = (
				FFA9881729CF80840045F449 /* BaseViews */,
				FFA9880E29CF53030045F449 /* Extensions */,
				FFF0DC8729C646FD00658190 /* Resources.swift */,
			);
			path = Helpers;
			sourceTree = "<group>";
		};
		FFF0DC9429C78BC200658190 /* Builder */ = {
			isa = PBXGroup;
			children = (
				FF680BD529C0A53D001B1F8D /* PostsFlowModulesBuilder.swift */,
			);
			path = Builder;
			sourceTree = "<group>";
		};
		FFF0DC9729C795E000658190 /* LoginFlow */ = {
			isa = PBXGroup;
			children = (
				FFF0DCA529C8E51700658190 /* Coordinator */,
				FFF0DCA629C8E52600658190 /* Builder */,
				FFA9881E29D07AB50045F449 /* AdditionalInfoModule */,
				FFF0DCA829CA037700658190 /* RegistrationModule */,
				FFF0DCA729C8E54100658190 /* WelcomeModule */,
			);
			path = LoginFlow;
			sourceTree = "<group>";
		};
		FFF0DC9A29C7964F00658190 /* View */ = {
			isa = PBXGroup;
			children = (
				FFF0DCA129C796D200658190 /* WelcomeViewController.swift */,
			);
			path = View;
			sourceTree = "<group>";
		};
		FFF0DC9B29C7965700658190 /* Presenter */ = {
			isa = PBXGroup;
			children = (
				FFF0DC9F29C796AF00658190 /* WelcomePresenter.swift */,
			);
			path = Presenter;
			sourceTree = "<group>";
		};
		FFF0DC9C29C7966100658190 /* Model */ = {
			isa = PBXGroup;
			children = (
				FFF0DC9D29C7968E00658190 /* UserModel.swift */,
			);
			path = Model;
			sourceTree = "<group>";
		};
		FFF0DCA529C8E51700658190 /* Coordinator */ = {
			isa = PBXGroup;
			children = (
				FFF0DC9829C7964100658190 /* LoginFlowCoordinator.swift */,
			);
			path = Coordinator;
			sourceTree = "<group>";
		};
		FFF0DCA629C8E52600658190 /* Builder */ = {
			isa = PBXGroup;
			children = (
				FFF0DCA329C7972000658190 /* LoginFlowBuilder.swift */,
			);
			path = Builder;
			sourceTree = "<group>";
		};
		FFF0DCA729C8E54100658190 /* WelcomeModule */ = {
			isa = PBXGroup;
			children = (
				FFF0DC9C29C7966100658190 /* Model */,
				FFF0DC9B29C7965700658190 /* Presenter */,
				FFF0DC9A29C7964F00658190 /* View */,
			);
			path = WelcomeModule;
			sourceTree = "<group>";
		};
		FFF0DCA829CA037700658190 /* RegistrationModule */ = {
			isa = PBXGroup;
			children = (
				FFF0DCAA29CA03A100658190 /* Presenter */,
				FFF0DCA929CA039B00658190 /* View */,
			);
			path = RegistrationModule;
			sourceTree = "<group>";
		};
		FFF0DCA929CA039B00658190 /* View */ = {
			isa = PBXGroup;
			children = (
				FFF0DCAB29CA03CB00658190 /* RegistrationViewController.swift */,
			);
			path = View;
			sourceTree = "<group>";
		};
		FFF0DCAA29CA03A100658190 /* Presenter */ = {
			isa = PBXGroup;
			children = (
				FFF0DCAE29CA03F100658190 /* RegistrationPresenter.swift */,
			);
			path = Presenter;
			sourceTree = "<group>";
		};
		FFF43ADC29F0797300342DF1 /* Builder */ = {
			isa = PBXGroup;
			children = (
				FFF43ADE29F079A700342DF1 /* AccountFlowBuilder.swift */,
			);
			path = Builder;
			sourceTree = "<group>";
		};
		FFF43ADD29F0798100342DF1 /* Coordinator */ = {
			isa = PBXGroup;
			children = (
				FFF43AE029F079F800342DF1 /* AccountFlowCoordinator.swift */,
			);
			path = Coordinator;
			sourceTree = "<group>";
		};
		FFF43AE429F07D3200342DF1 /* TabBar */ = {
			isa = PBXGroup;
			children = (
				FFF43AE229F07CAE00342DF1 /* TabBarBuilder.swift */,
				FFF43AE529F07D9100342DF1 /* MainTabBarController.swift */,
			);
			path = TabBar;
			sourceTree = "<group>";
		};
/* End PBXGroup section */

/* Begin PBXNativeTarget section */
		FF680B9929C09CCE001B1F8D /* NetwokingMVP */ = {
			isa = PBXNativeTarget;
			buildConfigurationList = FF680BC429C09CCF001B1F8D /* Build configuration list for PBXNativeTarget "NetwokingMVP" */;
			buildPhases = (
				81455D39104CDC04FBFB4CD5 /* [CP] Check Pods Manifest.lock */,
				FF680B9629C09CCE001B1F8D /* Sources */,
				FF680B9729C09CCE001B1F8D /* Frameworks */,
				FF680B9829C09CCE001B1F8D /* Resources */,
				972B8C3DAF066A61D32F4C95 /* [CP] Embed Pods Frameworks */,
			);
			buildRules = (
			);
			dependencies = (
			);
			name = NetwokingMVP;
			productName = NetwokingMVP;
			productReference = FF680B9A29C09CCE001B1F8D /* NetwokingMVP.app */;
			productType = "com.apple.product-type.application";
		};
		FF680BAF29C09CCF001B1F8D /* NetwokingMVPTests */ = {
			isa = PBXNativeTarget;
			buildConfigurationList = FF680BC729C09CCF001B1F8D /* Build configuration list for PBXNativeTarget "NetwokingMVPTests" */;
			buildPhases = (
				81DC32D0B5C57A203575FE87 /* [CP] Check Pods Manifest.lock */,
				FF680BAC29C09CCF001B1F8D /* Sources */,
				FF680BAD29C09CCF001B1F8D /* Frameworks */,
				FF680BAE29C09CCF001B1F8D /* Resources */,
			);
			buildRules = (
			);
			dependencies = (
				FF680BB229C09CCF001B1F8D /* PBXTargetDependency */,
			);
			name = NetwokingMVPTests;
			productName = NetwokingMVPTests;
			productReference = FF680BB029C09CCF001B1F8D /* NetwokingMVPTests.xctest */;
			productType = "com.apple.product-type.bundle.unit-test";
		};
		FF680BB929C09CCF001B1F8D /* NetwokingMVPUITests */ = {
			isa = PBXNativeTarget;
			buildConfigurationList = FF680BCA29C09CCF001B1F8D /* Build configuration list for PBXNativeTarget "NetwokingMVPUITests" */;
			buildPhases = (
				D01976BEFD0859E8355693DF /* [CP] Check Pods Manifest.lock */,
				FF680BB629C09CCF001B1F8D /* Sources */,
				FF680BB729C09CCF001B1F8D /* Frameworks */,
				FF680BB829C09CCF001B1F8D /* Resources */,
				3F47001DD04A724189323FDB /* [CP] Embed Pods Frameworks */,
			);
			buildRules = (
			);
			dependencies = (
				FF680BBC29C09CCF001B1F8D /* PBXTargetDependency */,
			);
			name = NetwokingMVPUITests;
			productName = NetwokingMVPUITests;
			productReference = FF680BBA29C09CCF001B1F8D /* NetwokingMVPUITests.xctest */;
			productType = "com.apple.product-type.bundle.ui-testing";
		};
/* End PBXNativeTarget section */

/* Begin PBXProject section */
		FF680B9229C09CCE001B1F8D /* Project object */ = {
			isa = PBXProject;
			attributes = {
				BuildIndependentTargetsInParallel = 1;
				LastSwiftUpdateCheck = 1410;
				LastUpgradeCheck = 1410;
				TargetAttributes = {
					FF680B9929C09CCE001B1F8D = {
						CreatedOnToolsVersion = 14.1;
					};
					FF680BAF29C09CCF001B1F8D = {
						CreatedOnToolsVersion = 14.1;
						TestTargetID = FF680B9929C09CCE001B1F8D;
					};
					FF680BB929C09CCF001B1F8D = {
						CreatedOnToolsVersion = 14.1;
						TestTargetID = FF680B9929C09CCE001B1F8D;
					};
				};
			};
			buildConfigurationList = FF680B9529C09CCE001B1F8D /* Build configuration list for PBXProject "NetwokingMVP" */;
			compatibilityVersion = "Xcode 14.0";
			developmentRegion = en;
			hasScannedForEncodings = 0;
			knownRegions = (
				en,
				Base,
			);
			mainGroup = FF680B9129C09CCE001B1F8D;
			productRefGroup = FF680B9B29C09CCE001B1F8D /* Products */;
			projectDirPath = "";
			projectRoot = "";
			targets = (
				FF680B9929C09CCE001B1F8D /* NetwokingMVP */,
				FF680BAF29C09CCF001B1F8D /* NetwokingMVPTests */,
				FF680BB929C09CCF001B1F8D /* NetwokingMVPUITests */,
			);
		};
/* End PBXProject section */

/* Begin PBXResourcesBuildPhase section */
		FF680B9829C09CCE001B1F8D /* Resources */ = {
			isa = PBXResourcesBuildPhase;
			buildActionMask = 2147483647;
			files = (
				FF680BAA29C09CCF001B1F8D /* LaunchScreen.storyboard in Resources */,
				FF680BA729C09CCF001B1F8D /* Assets.xcassets in Resources */,
			);
			runOnlyForDeploymentPostprocessing = 0;
		};
		FF680BAE29C09CCF001B1F8D /* Resources */ = {
			isa = PBXResourcesBuildPhase;
			buildActionMask = 2147483647;
			files = (
			);
			runOnlyForDeploymentPostprocessing = 0;
		};
		FF680BB829C09CCF001B1F8D /* Resources */ = {
			isa = PBXResourcesBuildPhase;
			buildActionMask = 2147483647;
			files = (
			);
			runOnlyForDeploymentPostprocessing = 0;
		};
/* End PBXResourcesBuildPhase section */

/* Begin PBXShellScriptBuildPhase section */
		3F47001DD04A724189323FDB /* [CP] Embed Pods Frameworks */ = {
			isa = PBXShellScriptBuildPhase;
			buildActionMask = 2147483647;
			files = (
			);
			inputFileListPaths = (
				"${PODS_ROOT}/Target Support Files/Pods-NetwokingMVP-NetwokingMVPUITests/Pods-NetwokingMVP-NetwokingMVPUITests-frameworks-${CONFIGURATION}-input-files.xcfilelist",
			);
			name = "[CP] Embed Pods Frameworks";
			outputFileListPaths = (
				"${PODS_ROOT}/Target Support Files/Pods-NetwokingMVP-NetwokingMVPUITests/Pods-NetwokingMVP-NetwokingMVPUITests-frameworks-${CONFIGURATION}-output-files.xcfilelist",
			);
			runOnlyForDeploymentPostprocessing = 0;
			shellPath = /bin/sh;
			shellScript = "\"${PODS_ROOT}/Target Support Files/Pods-NetwokingMVP-NetwokingMVPUITests/Pods-NetwokingMVP-NetwokingMVPUITests-frameworks.sh\"\n";
			showEnvVarsInLog = 0;
		};
		81455D39104CDC04FBFB4CD5 /* [CP] Check Pods Manifest.lock */ = {
			isa = PBXShellScriptBuildPhase;
			buildActionMask = 2147483647;
			files = (
			);
			inputFileListPaths = (
			);
			inputPaths = (
				"${PODS_PODFILE_DIR_PATH}/Podfile.lock",
				"${PODS_ROOT}/Manifest.lock",
			);
			name = "[CP] Check Pods Manifest.lock";
			outputFileListPaths = (
			);
			outputPaths = (
				"$(DERIVED_FILE_DIR)/Pods-NetwokingMVP-checkManifestLockResult.txt",
			);
			runOnlyForDeploymentPostprocessing = 0;
			shellPath = /bin/sh;
			shellScript = "diff \"${PODS_PODFILE_DIR_PATH}/Podfile.lock\" \"${PODS_ROOT}/Manifest.lock\" > /dev/null\nif [ $? != 0 ] ; then\n    # print error to STDERR\n    echo \"error: The sandbox is not in sync with the Podfile.lock. Run 'pod install' or update your CocoaPods installation.\" >&2\n    exit 1\nfi\n# This output is used by Xcode 'outputs' to avoid re-running this script phase.\necho \"SUCCESS\" > \"${SCRIPT_OUTPUT_FILE_0}\"\n";
			showEnvVarsInLog = 0;
		};
		81DC32D0B5C57A203575FE87 /* [CP] Check Pods Manifest.lock */ = {
			isa = PBXShellScriptBuildPhase;
			buildActionMask = 2147483647;
			files = (
			);
			inputFileListPaths = (
			);
			inputPaths = (
				"${PODS_PODFILE_DIR_PATH}/Podfile.lock",
				"${PODS_ROOT}/Manifest.lock",
			);
			name = "[CP] Check Pods Manifest.lock";
			outputFileListPaths = (
			);
			outputPaths = (
				"$(DERIVED_FILE_DIR)/Pods-NetwokingMVPTests-checkManifestLockResult.txt",
			);
			runOnlyForDeploymentPostprocessing = 0;
			shellPath = /bin/sh;
			shellScript = "diff \"${PODS_PODFILE_DIR_PATH}/Podfile.lock\" \"${PODS_ROOT}/Manifest.lock\" > /dev/null\nif [ $? != 0 ] ; then\n    # print error to STDERR\n    echo \"error: The sandbox is not in sync with the Podfile.lock. Run 'pod install' or update your CocoaPods installation.\" >&2\n    exit 1\nfi\n# This output is used by Xcode 'outputs' to avoid re-running this script phase.\necho \"SUCCESS\" > \"${SCRIPT_OUTPUT_FILE_0}\"\n";
			showEnvVarsInLog = 0;
		};
		972B8C3DAF066A61D32F4C95 /* [CP] Embed Pods Frameworks */ = {
			isa = PBXShellScriptBuildPhase;
			buildActionMask = 2147483647;
			files = (
			);
			inputFileListPaths = (
				"${PODS_ROOT}/Target Support Files/Pods-NetwokingMVP/Pods-NetwokingMVP-frameworks-${CONFIGURATION}-input-files.xcfilelist",
			);
			name = "[CP] Embed Pods Frameworks";
			outputFileListPaths = (
				"${PODS_ROOT}/Target Support Files/Pods-NetwokingMVP/Pods-NetwokingMVP-frameworks-${CONFIGURATION}-output-files.xcfilelist",
			);
			runOnlyForDeploymentPostprocessing = 0;
			shellPath = /bin/sh;
			shellScript = "\"${PODS_ROOT}/Target Support Files/Pods-NetwokingMVP/Pods-NetwokingMVP-frameworks.sh\"\n";
			showEnvVarsInLog = 0;
		};
		D01976BEFD0859E8355693DF /* [CP] Check Pods Manifest.lock */ = {
			isa = PBXShellScriptBuildPhase;
			buildActionMask = 2147483647;
			files = (
			);
			inputFileListPaths = (
			);
			inputPaths = (
				"${PODS_PODFILE_DIR_PATH}/Podfile.lock",
				"${PODS_ROOT}/Manifest.lock",
			);
			name = "[CP] Check Pods Manifest.lock";
			outputFileListPaths = (
			);
			outputPaths = (
				"$(DERIVED_FILE_DIR)/Pods-NetwokingMVP-NetwokingMVPUITests-checkManifestLockResult.txt",
			);
			runOnlyForDeploymentPostprocessing = 0;
			shellPath = /bin/sh;
			shellScript = "diff \"${PODS_PODFILE_DIR_PATH}/Podfile.lock\" \"${PODS_ROOT}/Manifest.lock\" > /dev/null\nif [ $? != 0 ] ; then\n    # print error to STDERR\n    echo \"error: The sandbox is not in sync with the Podfile.lock. Run 'pod install' or update your CocoaPods installation.\" >&2\n    exit 1\nfi\n# This output is used by Xcode 'outputs' to avoid re-running this script phase.\necho \"SUCCESS\" > \"${SCRIPT_OUTPUT_FILE_0}\"\n";
			showEnvVarsInLog = 0;
		};
/* End PBXShellScriptBuildPhase section */

/* Begin PBXSourcesBuildPhase section */
		FF680B9629C09CCE001B1F8D /* Sources */ = {
			isa = PBXSourcesBuildPhase;
			buildActionMask = 2147483647;
			files = (
				FFF0DC9929C7964100658190 /* LoginFlowCoordinator.swift in Sources */,
				FF680BD829C0B62D001B1F8D /* PostTableViewCell.swift in Sources */,
				FF57742B2A13D925008582F3 /* UILabel + ext.swift in Sources */,
				FFF0DC8629C645E800658190 /* DetailPostTableViewCell.swift in Sources */,
				FFA9881D29CF88B80045F449 /* UIStackView+setup.swift in Sources */,
				FFF43ADA29F057B300342DF1 /* AccountTopInfoView.swift in Sources */,
				FFF0DCAF29CA03F100658190 /* RegistrationPresenter.swift in Sources */,
				FFA9880D29CF52AD0045F449 /* UITextField+Toggle.swift in Sources */,
				FF680BA229C09CCE001B1F8D /* MainViewController.swift in Sources */,
				FF680BDA29C0C64C001B1F8D /* NetworkService.swift in Sources */,
				FFF43AE329F07CAE00342DF1 /* TabBarBuilder.swift in Sources */,
				FFF0DC9629C792E000658190 /* AppCoordinator.swift in Sources */,
				FF680BD029C09D71001B1F8D /* PostModel.swift in Sources */,
				FF680B9E29C09CCE001B1F8D /* AppDelegate.swift in Sources */,
				FFF0DCA229C796D200658190 /* WelcomeViewController.swift in Sources */,
				FFF0DC7B29C4EF7300658190 /* DetailPostViewController.swift in Sources */,
				FF5774292A13BB72008582F3 /* UIColor + ext.swift in Sources */,
				FFF0DC8A29C70D2E00658190 /* PostsFeedFlowCoordinator.swift in Sources */,
				FF680BA029C09CCE001B1F8D /* SceneDelegate.swift in Sources */,
				FFF43AE629F07D9100342DF1 /* MainTabBarController.swift in Sources */,
				FFF0DCA029C796AF00658190 /* WelcomePresenter.swift in Sources */,
				FFD38D8129F0391400AF8F91 /* AccountPresenter.swift in Sources */,
				FFF0DC8429C4F6F300658190 /* CommentsTableViewCell.swift in Sources */,
				FFF0DCAC29CA03CB00658190 /* RegistrationViewController.swift in Sources */,
				FFF0DC8829C646FD00658190 /* Resources.swift in Sources */,
				FFF0DC8229C4F01E00658190 /* CommentModel.swift in Sources */,
				FFF43AE129F079F800342DF1 /* AccountFlowCoordinator.swift in Sources */,
				FFD38D7F29F0390400AF8F91 /* AccountViewController.swift in Sources */,
				FFF0DC7D29C4EF9200658190 /* DetailPostPresenter.swift in Sources */,
				FFA9881B29CF810B0045F449 /* BaseViewController.swift in Sources */,
				FF680BCE29C09D0E001B1F8D /* MainPresenter.swift in Sources */,
				FFF0DCA429C7972000658190 /* LoginFlowBuilder.swift in Sources */,
				FFF0DC9E29C7968E00658190 /* UserModel.swift in Sources */,
				FFA9882429D07B3E0045F449 /* AdditionalInfoViewController.swift in Sources */,
				FF680BD629C0A53D001B1F8D /* PostsFlowModulesBuilder.swift in Sources */,
				FFA9882229D07B2D0045F449 /* AdditionalInfoPresenter.swift in Sources */,
				FFF43ADF29F079A700342DF1 /* AccountFlowBuilder.swift in Sources */,
			);
			runOnlyForDeploymentPostprocessing = 0;
		};
		FF680BAC29C09CCF001B1F8D /* Sources */ = {
			isa = PBXSourcesBuildPhase;
			buildActionMask = 2147483647;
			files = (
				FF680BB529C09CCF001B1F8D /* NetwokingMVPTests.swift in Sources */,
			);
			runOnlyForDeploymentPostprocessing = 0;
		};
		FF680BB629C09CCF001B1F8D /* Sources */ = {
			isa = PBXSourcesBuildPhase;
			buildActionMask = 2147483647;
			files = (
				FF680BBF29C09CCF001B1F8D /* NetwokingMVPUITests.swift in Sources */,
				FF680BC129C09CCF001B1F8D /* NetwokingMVPUITestsLaunchTests.swift in Sources */,
			);
			runOnlyForDeploymentPostprocessing = 0;
		};
/* End PBXSourcesBuildPhase section */

/* Begin PBXTargetDependency section */
		FF680BB229C09CCF001B1F8D /* PBXTargetDependency */ = {
			isa = PBXTargetDependency;
			target = FF680B9929C09CCE001B1F8D /* NetwokingMVP */;
			targetProxy = FF680BB129C09CCF001B1F8D /* PBXContainerItemProxy */;
		};
		FF680BBC29C09CCF001B1F8D /* PBXTargetDependency */ = {
			isa = PBXTargetDependency;
			target = FF680B9929C09CCE001B1F8D /* NetwokingMVP */;
			targetProxy = FF680BBB29C09CCF001B1F8D /* PBXContainerItemProxy */;
		};
/* End PBXTargetDependency section */

/* Begin PBXVariantGroup section */
		FF680BA829C09CCF001B1F8D /* LaunchScreen.storyboard */ = {
			isa = PBXVariantGroup;
			children = (
				FF680BA929C09CCF001B1F8D /* Base */,
			);
			name = LaunchScreen.storyboard;
			sourceTree = "<group>";
		};
/* End PBXVariantGroup section */

/* Begin XCBuildConfiguration section */
		FF680BC229C09CCF001B1F8D /* Debug */ = {
			isa = XCBuildConfiguration;
			buildSettings = {
				ALWAYS_SEARCH_USER_PATHS = NO;
				CLANG_ANALYZER_NONNULL = YES;
				CLANG_ANALYZER_NUMBER_OBJECT_CONVERSION = YES_AGGRESSIVE;
				CLANG_CXX_LANGUAGE_STANDARD = "gnu++20";
				CLANG_ENABLE_MODULES = YES;
				CLANG_ENABLE_OBJC_ARC = YES;
				CLANG_ENABLE_OBJC_WEAK = YES;
				CLANG_WARN_BLOCK_CAPTURE_AUTORELEASING = YES;
				CLANG_WARN_BOOL_CONVERSION = YES;
				CLANG_WARN_COMMA = YES;
				CLANG_WARN_CONSTANT_CONVERSION = YES;
				CLANG_WARN_DEPRECATED_OBJC_IMPLEMENTATIONS = YES;
				CLANG_WARN_DIRECT_OBJC_ISA_USAGE = YES_ERROR;
				CLANG_WARN_DOCUMENTATION_COMMENTS = YES;
				CLANG_WARN_EMPTY_BODY = YES;
				CLANG_WARN_ENUM_CONVERSION = YES;
				CLANG_WARN_INFINITE_RECURSION = YES;
				CLANG_WARN_INT_CONVERSION = YES;
				CLANG_WARN_NON_LITERAL_NULL_CONVERSION = YES;
				CLANG_WARN_OBJC_IMPLICIT_RETAIN_SELF = YES;
				CLANG_WARN_OBJC_LITERAL_CONVERSION = YES;
				CLANG_WARN_OBJC_ROOT_CLASS = YES_ERROR;
				CLANG_WARN_QUOTED_INCLUDE_IN_FRAMEWORK_HEADER = YES;
				CLANG_WARN_RANGE_LOOP_ANALYSIS = YES;
				CLANG_WARN_STRICT_PROTOTYPES = YES;
				CLANG_WARN_SUSPICIOUS_MOVE = YES;
				CLANG_WARN_UNGUARDED_AVAILABILITY = YES_AGGRESSIVE;
				CLANG_WARN_UNREACHABLE_CODE = YES;
				CLANG_WARN__DUPLICATE_METHOD_MATCH = YES;
				COPY_PHASE_STRIP = NO;
				DEBUG_INFORMATION_FORMAT = dwarf;
				ENABLE_STRICT_OBJC_MSGSEND = YES;
				ENABLE_TESTABILITY = YES;
				GCC_C_LANGUAGE_STANDARD = gnu11;
				GCC_DYNAMIC_NO_PIC = NO;
				GCC_NO_COMMON_BLOCKS = YES;
				GCC_OPTIMIZATION_LEVEL = 0;
				GCC_PREPROCESSOR_DEFINITIONS = (
					"DEBUG=1",
					"$(inherited)",
				);
				GCC_WARN_64_TO_32_BIT_CONVERSION = YES;
				GCC_WARN_ABOUT_RETURN_TYPE = YES_ERROR;
				GCC_WARN_UNDECLARED_SELECTOR = YES;
				GCC_WARN_UNINITIALIZED_AUTOS = YES_AGGRESSIVE;
				GCC_WARN_UNUSED_FUNCTION = YES;
				GCC_WARN_UNUSED_VARIABLE = YES;
				IPHONEOS_DEPLOYMENT_TARGET = 16.1;
				MTL_ENABLE_DEBUG_INFO = INCLUDE_SOURCE;
				MTL_FAST_MATH = YES;
				ONLY_ACTIVE_ARCH = YES;
				SDKROOT = iphoneos;
				SWIFT_ACTIVE_COMPILATION_CONDITIONS = DEBUG;
				SWIFT_OPTIMIZATION_LEVEL = "-Onone";
			};
			name = Debug;
		};
		FF680BC329C09CCF001B1F8D /* Release */ = {
			isa = XCBuildConfiguration;
			buildSettings = {
				ALWAYS_SEARCH_USER_PATHS = NO;
				CLANG_ANALYZER_NONNULL = YES;
				CLANG_ANALYZER_NUMBER_OBJECT_CONVERSION = YES_AGGRESSIVE;
				CLANG_CXX_LANGUAGE_STANDARD = "gnu++20";
				CLANG_ENABLE_MODULES = YES;
				CLANG_ENABLE_OBJC_ARC = YES;
				CLANG_ENABLE_OBJC_WEAK = YES;
				CLANG_WARN_BLOCK_CAPTURE_AUTORELEASING = YES;
				CLANG_WARN_BOOL_CONVERSION = YES;
				CLANG_WARN_COMMA = YES;
				CLANG_WARN_CONSTANT_CONVERSION = YES;
				CLANG_WARN_DEPRECATED_OBJC_IMPLEMENTATIONS = YES;
				CLANG_WARN_DIRECT_OBJC_ISA_USAGE = YES_ERROR;
				CLANG_WARN_DOCUMENTATION_COMMENTS = YES;
				CLANG_WARN_EMPTY_BODY = YES;
				CLANG_WARN_ENUM_CONVERSION = YES;
				CLANG_WARN_INFINITE_RECURSION = YES;
				CLANG_WARN_INT_CONVERSION = YES;
				CLANG_WARN_NON_LITERAL_NULL_CONVERSION = YES;
				CLANG_WARN_OBJC_IMPLICIT_RETAIN_SELF = YES;
				CLANG_WARN_OBJC_LITERAL_CONVERSION = YES;
				CLANG_WARN_OBJC_ROOT_CLASS = YES_ERROR;
				CLANG_WARN_QUOTED_INCLUDE_IN_FRAMEWORK_HEADER = YES;
				CLANG_WARN_RANGE_LOOP_ANALYSIS = YES;
				CLANG_WARN_STRICT_PROTOTYPES = YES;
				CLANG_WARN_SUSPICIOUS_MOVE = YES;
				CLANG_WARN_UNGUARDED_AVAILABILITY = YES_AGGRESSIVE;
				CLANG_WARN_UNREACHABLE_CODE = YES;
				CLANG_WARN__DUPLICATE_METHOD_MATCH = YES;
				COPY_PHASE_STRIP = NO;
				DEBUG_INFORMATION_FORMAT = "dwarf-with-dsym";
				ENABLE_NS_ASSERTIONS = NO;
				ENABLE_STRICT_OBJC_MSGSEND = YES;
				GCC_C_LANGUAGE_STANDARD = gnu11;
				GCC_NO_COMMON_BLOCKS = YES;
				GCC_WARN_64_TO_32_BIT_CONVERSION = YES;
				GCC_WARN_ABOUT_RETURN_TYPE = YES_ERROR;
				GCC_WARN_UNDECLARED_SELECTOR = YES;
				GCC_WARN_UNINITIALIZED_AUTOS = YES_AGGRESSIVE;
				GCC_WARN_UNUSED_FUNCTION = YES;
				GCC_WARN_UNUSED_VARIABLE = YES;
				IPHONEOS_DEPLOYMENT_TARGET = 16.1;
				MTL_ENABLE_DEBUG_INFO = NO;
				MTL_FAST_MATH = YES;
				SDKROOT = iphoneos;
				SWIFT_COMPILATION_MODE = wholemodule;
				SWIFT_OPTIMIZATION_LEVEL = "-O";
				VALIDATE_PRODUCT = YES;
			};
			name = Release;
		};
		FF680BC529C09CCF001B1F8D /* Debug */ = {
			isa = XCBuildConfiguration;
			baseConfigurationReference = 71B0B38CDB3D2AFB9F1A6A7C /* Pods-NetwokingMVP.debug.xcconfig */;
			buildSettings = {
				ASSETCATALOG_COMPILER_APPICON_NAME = AppIcon;
				ASSETCATALOG_COMPILER_GLOBAL_ACCENT_COLOR_NAME = AccentColor;
				CODE_SIGN_STYLE = Automatic;
				CURRENT_PROJECT_VERSION = 1;
				DEVELOPMENT_TEAM = T574RGJCUB;
				GENERATE_INFOPLIST_FILE = YES;
				INFOPLIST_FILE = NetwokingMVP/SupportingFiles/Info.plist;
				INFOPLIST_KEY_UIApplicationSupportsIndirectInputEvents = YES;
				INFOPLIST_KEY_UILaunchStoryboardName = LaunchScreen.storyboard;
				INFOPLIST_KEY_UIMainStoryboardFile = "";
				INFOPLIST_KEY_UISupportedInterfaceOrientations_iPad = "UIInterfaceOrientationPortrait UIInterfaceOrientationPortraitUpsideDown UIInterfaceOrientationLandscapeLeft UIInterfaceOrientationLandscapeRight";
				INFOPLIST_KEY_UISupportedInterfaceOrientations_iPhone = "UIInterfaceOrientationPortrait UIInterfaceOrientationLandscapeLeft UIInterfaceOrientationLandscapeRight";
				LD_RUNPATH_SEARCH_PATHS = (
					"$(inherited)",
					"@executable_path/Frameworks",
				);
				MARKETING_VERSION = 1.0;
				PRODUCT_BUNDLE_IDENTIFIER = organisation.com.NetwokingMVP;
				PRODUCT_NAME = "$(TARGET_NAME)";
				SWIFT_EMIT_LOC_STRINGS = YES;
				SWIFT_VERSION = 5.0;
				TARGETED_DEVICE_FAMILY = "1,2";
			};
			name = Debug;
		};
		FF680BC629C09CCF001B1F8D /* Release */ = {
			isa = XCBuildConfiguration;
			baseConfigurationReference = 6B80A676943646B947009C64 /* Pods-NetwokingMVP.release.xcconfig */;
			buildSettings = {
				ASSETCATALOG_COMPILER_APPICON_NAME = AppIcon;
				ASSETCATALOG_COMPILER_GLOBAL_ACCENT_COLOR_NAME = AccentColor;
				CODE_SIGN_STYLE = Automatic;
				CURRENT_PROJECT_VERSION = 1;
				DEVELOPMENT_TEAM = T574RGJCUB;
				GENERATE_INFOPLIST_FILE = YES;
				INFOPLIST_FILE = NetwokingMVP/SupportingFiles/Info.plist;
				INFOPLIST_KEY_UIApplicationSupportsIndirectInputEvents = YES;
				INFOPLIST_KEY_UILaunchStoryboardName = LaunchScreen.storyboard;
				INFOPLIST_KEY_UIMainStoryboardFile = "";
				INFOPLIST_KEY_UISupportedInterfaceOrientations_iPad = "UIInterfaceOrientationPortrait UIInterfaceOrientationPortraitUpsideDown UIInterfaceOrientationLandscapeLeft UIInterfaceOrientationLandscapeRight";
				INFOPLIST_KEY_UISupportedInterfaceOrientations_iPhone = "UIInterfaceOrientationPortrait UIInterfaceOrientationLandscapeLeft UIInterfaceOrientationLandscapeRight";
				LD_RUNPATH_SEARCH_PATHS = (
					"$(inherited)",
					"@executable_path/Frameworks",
				);
				MARKETING_VERSION = 1.0;
				PRODUCT_BUNDLE_IDENTIFIER = organisation.com.NetwokingMVP;
				PRODUCT_NAME = "$(TARGET_NAME)";
				SWIFT_EMIT_LOC_STRINGS = YES;
				SWIFT_VERSION = 5.0;
				TARGETED_DEVICE_FAMILY = "1,2";
			};
			name = Release;
		};
		FF680BC829C09CCF001B1F8D /* Debug */ = {
			isa = XCBuildConfiguration;
			baseConfigurationReference = 2E901179F224F38E12402CF0 /* Pods-NetwokingMVPTests.debug.xcconfig */;
			buildSettings = {
				ALWAYS_EMBED_SWIFT_STANDARD_LIBRARIES = YES;
				BUNDLE_LOADER = "$(TEST_HOST)";
				CODE_SIGN_STYLE = Automatic;
				CURRENT_PROJECT_VERSION = 1;
				DEVELOPMENT_TEAM = T574RGJCUB;
				GENERATE_INFOPLIST_FILE = YES;
				IPHONEOS_DEPLOYMENT_TARGET = 16.1;
				MARKETING_VERSION = 1.0;
				PRODUCT_BUNDLE_IDENTIFIER = organisation.com.NetwokingMVPTests;
				PRODUCT_NAME = "$(TARGET_NAME)";
				SWIFT_EMIT_LOC_STRINGS = NO;
				SWIFT_VERSION = 5.0;
				TARGETED_DEVICE_FAMILY = "1,2";
				TEST_HOST = "$(BUILT_PRODUCTS_DIR)/NetwokingMVP.app/$(BUNDLE_EXECUTABLE_FOLDER_PATH)/NetwokingMVP";
			};
			name = Debug;
		};
		FF680BC929C09CCF001B1F8D /* Release */ = {
			isa = XCBuildConfiguration;
			baseConfigurationReference = F8567E6BDC679B32959281ED /* Pods-NetwokingMVPTests.release.xcconfig */;
			buildSettings = {
				ALWAYS_EMBED_SWIFT_STANDARD_LIBRARIES = YES;
				BUNDLE_LOADER = "$(TEST_HOST)";
				CODE_SIGN_STYLE = Automatic;
				CURRENT_PROJECT_VERSION = 1;
				DEVELOPMENT_TEAM = T574RGJCUB;
				GENERATE_INFOPLIST_FILE = YES;
				IPHONEOS_DEPLOYMENT_TARGET = 16.1;
				MARKETING_VERSION = 1.0;
				PRODUCT_BUNDLE_IDENTIFIER = organisation.com.NetwokingMVPTests;
				PRODUCT_NAME = "$(TARGET_NAME)";
				SWIFT_EMIT_LOC_STRINGS = NO;
				SWIFT_VERSION = 5.0;
				TARGETED_DEVICE_FAMILY = "1,2";
				TEST_HOST = "$(BUILT_PRODUCTS_DIR)/NetwokingMVP.app/$(BUNDLE_EXECUTABLE_FOLDER_PATH)/NetwokingMVP";
			};
			name = Release;
		};
		FF680BCB29C09CCF001B1F8D /* Debug */ = {
			isa = XCBuildConfiguration;
			baseConfigurationReference = C08ED1F91774A83855BE2B6A /* Pods-NetwokingMVP-NetwokingMVPUITests.debug.xcconfig */;
			buildSettings = {
				ALWAYS_EMBED_SWIFT_STANDARD_LIBRARIES = YES;
				CODE_SIGN_STYLE = Automatic;
				CURRENT_PROJECT_VERSION = 1;
				DEVELOPMENT_TEAM = T574RGJCUB;
				GENERATE_INFOPLIST_FILE = YES;
				MARKETING_VERSION = 1.0;
				PRODUCT_BUNDLE_IDENTIFIER = organisation.com.NetwokingMVPUITests;
				PRODUCT_NAME = "$(TARGET_NAME)";
				SWIFT_EMIT_LOC_STRINGS = NO;
				SWIFT_VERSION = 5.0;
				TARGETED_DEVICE_FAMILY = "1,2";
				TEST_TARGET_NAME = NetwokingMVP;
			};
			name = Debug;
		};
		FF680BCC29C09CCF001B1F8D /* Release */ = {
			isa = XCBuildConfiguration;
			baseConfigurationReference = C15B75578DE741DCF0303645 /* Pods-NetwokingMVP-NetwokingMVPUITests.release.xcconfig */;
			buildSettings = {
				ALWAYS_EMBED_SWIFT_STANDARD_LIBRARIES = YES;
				CODE_SIGN_STYLE = Automatic;
				CURRENT_PROJECT_VERSION = 1;
				DEVELOPMENT_TEAM = T574RGJCUB;
				GENERATE_INFOPLIST_FILE = YES;
				MARKETING_VERSION = 1.0;
				PRODUCT_BUNDLE_IDENTIFIER = organisation.com.NetwokingMVPUITests;
				PRODUCT_NAME = "$(TARGET_NAME)";
				SWIFT_EMIT_LOC_STRINGS = NO;
				SWIFT_VERSION = 5.0;
				TARGETED_DEVICE_FAMILY = "1,2";
				TEST_TARGET_NAME = NetwokingMVP;
			};
			name = Release;
		};
/* End XCBuildConfiguration section */

/* Begin XCConfigurationList section */
		FF680B9529C09CCE001B1F8D /* Build configuration list for PBXProject "NetwokingMVP" */ = {
			isa = XCConfigurationList;
			buildConfigurations = (
				FF680BC229C09CCF001B1F8D /* Debug */,
				FF680BC329C09CCF001B1F8D /* Release */,
			);
			defaultConfigurationIsVisible = 0;
			defaultConfigurationName = Release;
		};
		FF680BC429C09CCF001B1F8D /* Build configuration list for PBXNativeTarget "NetwokingMVP" */ = {
			isa = XCConfigurationList;
			buildConfigurations = (
				FF680BC529C09CCF001B1F8D /* Debug */,
				FF680BC629C09CCF001B1F8D /* Release */,
			);
			defaultConfigurationIsVisible = 0;
			defaultConfigurationName = Release;
		};
		FF680BC729C09CCF001B1F8D /* Build configuration list for PBXNativeTarget "NetwokingMVPTests" */ = {
			isa = XCConfigurationList;
			buildConfigurations = (
				FF680BC829C09CCF001B1F8D /* Debug */,
				FF680BC929C09CCF001B1F8D /* Release */,
			);
			defaultConfigurationIsVisible = 0;
			defaultConfigurationName = Release;
		};
		FF680BCA29C09CCF001B1F8D /* Build configuration list for PBXNativeTarget "NetwokingMVPUITests" */ = {
			isa = XCConfigurationList;
			buildConfigurations = (
				FF680BCB29C09CCF001B1F8D /* Debug */,
				FF680BCC29C09CCF001B1F8D /* Release */,
			);
			defaultConfigurationIsVisible = 0;
			defaultConfigurationName = Release;
		};
/* End XCConfigurationList section */
	};
	rootObject = FF680B9229C09CCE001B1F8D /* Project object */;
}
